// !$*UTF8*$!
{
	archiveVersion = 1;
	classes = {
	};
	objectVersion = 50;
	objects = {

/* Begin PBXBuildFile section */
		BD4CC2A624783C0A00EBC0BA /* AppDelegate.swift in Sources */ = {isa = PBXBuildFile; fileRef = BD4CC2A524783C0A00EBC0BA /* AppDelegate.swift */; };
		BD4CC2A824783C0A00EBC0BA /* SceneDelegate.swift in Sources */ = {isa = PBXBuildFile; fileRef = BD4CC2A724783C0A00EBC0BA /* SceneDelegate.swift */; };
		BD4CC2AA24783C0A00EBC0BA /* ViewController.swift in Sources */ = {isa = PBXBuildFile; fileRef = BD4CC2A924783C0A00EBC0BA /* ViewController.swift */; };
		BD4CC2AD24783C0A00EBC0BA /* Main.storyboard in Resources */ = {isa = PBXBuildFile; fileRef = BD4CC2AB24783C0A00EBC0BA /* Main.storyboard */; };
		BD4CC2AF24783C0D00EBC0BA /* Assets.xcassets in Resources */ = {isa = PBXBuildFile; fileRef = BD4CC2AE24783C0D00EBC0BA /* Assets.xcassets */; };
		BD4CC2B224783C0D00EBC0BA /* LaunchScreen.storyboard in Resources */ = {isa = PBXBuildFile; fileRef = BD4CC2B024783C0D00EBC0BA /* LaunchScreen.storyboard */; };
		BD4CC2BA24783CE500EBC0BA /* DataCell.xib in Resources */ = {isa = PBXBuildFile; fileRef = BD4CC2B924783CE500EBC0BA /* DataCell.xib */; };
/* End PBXBuildFile section */

/* Begin PBXFileReference section */
		BD4CC2A224783C0A00EBC0BA /* iOS15-SketchDesign-Health-App.app */ = {isa = PBXFileReference; explicitFileType = wrapper.application; includeInIndex = 0; path = "iOS15-SketchDesign-Health-App.app"; sourceTree = BUILT_PRODUCTS_DIR; };
		BD4CC2A524783C0A00EBC0BA /* AppDelegate.swift */ = {isa = PBXFileReference; lastKnownFileType = sourcecode.swift; path = AppDelegate.swift; sourceTree = "<group>"; };
		BD4CC2A724783C0A00EBC0BA /* SceneDelegate.swift */ = {isa = PBXFileReference; lastKnownFileType = sourcecode.swift; path = SceneDelegate.swift; sourceTree = "<group>"; };
		BD4CC2A924783C0A00EBC0BA /* ViewController.swift */ = {isa = PBXFileReference; lastKnownFileType = sourcecode.swift; path = ViewController.swift; sourceTree = "<group>"; };
		BD4CC2AC24783C0A00EBC0BA /* Base */ = {isa = PBXFileReference; lastKnownFileType = file.storyboard; name = Base; path = Base.lproj/Main.storyboard; sourceTree = "<group>"; };
		BD4CC2AE24783C0D00EBC0BA /* Assets.xcassets */ = {isa = PBXFileReference; lastKnownFileType = folder.assetcatalog; path = Assets.xcassets; sourceTree = "<group>"; };
		BD4CC2B124783C0D00EBC0BA /* Base */ = {isa = PBXFileReference; lastKnownFileType = file.storyboard; name = Base; path = Base.lproj/LaunchScreen.storyboard; sourceTree = "<group>"; };
		BD4CC2B324783C0D00EBC0BA /* Info.plist */ = {isa = PBXFileReference; lastKnownFileType = text.plist.xml; path = Info.plist; sourceTree = "<group>"; };
		BD4CC2B924783CE500EBC0BA /* DataCell.xib */ = {isa = PBXFileReference; lastKnownFileType = file.xib; path = DataCell.xib; sourceTree = "<group>"; };
/* End PBXFileReference section */

/* Begin PBXFrameworksBuildPhase section */
		BD4CC29F24783C0A00EBC0BA /* Frameworks */ = {
			isa = PBXFrameworksBuildPhase;
			buildActionMask = 2147483647;
			files = (
			);
			runOnlyForDeploymentPostprocessing = 0;
		};
/* End PBXFrameworksBuildPhase section */

/* Begin PBXGroup section */
		BD4CC29924783C0A00EBC0BA = {
			isa = PBXGroup;
			children = (
				BD4CC2A424783C0A00EBC0BA /* iOS15-SketchDesign-Health-App */,
				BD4CC2A324783C0A00EBC0BA /* Products */,
			);
			sourceTree = "<group>";
		};
		BD4CC2A324783C0A00EBC0BA /* Products */ = {
			isa = PBXGroup;
			children = (
				BD4CC2A224783C0A00EBC0BA /* iOS15-SketchDesign-Health-App.app */,
			);
			name = Products;
			sourceTree = "<group>";
		};
		BD4CC2A424783C0A00EBC0BA /* iOS15-SketchDesign-Health-App */ = {
			isa = PBXGroup;
			children = (
				BD4CC2A524783C0A00EBC0BA /* AppDelegate.swift */,
				BD4CC2A724783C0A00EBC0BA /* SceneDelegate.swift */,
				BD4CC2A924783C0A00EBC0BA /* ViewController.swift */,
				BD4CC2AB24783C0A00EBC0BA /* Main.storyboard */,
				BD4CC2B924783CE500EBC0BA /* DataCell.xib */,
				BD4CC2AE24783C0D00EBC0BA /* Assets.xcassets */,
				BD4CC2B024783C0D00EBC0BA /* LaunchScreen.storyboard */,
				BD4CC2B324783C0D00EBC0BA /* Info.plist */,
			);
			path = "iOS15-SketchDesign-Health-App";
			sourceTree = "<group>";
		};
/* End PBXGroup section */

/* Begin PBXNativeTarget section */
		BD4CC2A124783C0A00EBC0BA /* iOS15-SketchDesign-Health-App */ = {
			isa = PBXNativeTarget;
			buildConfigurationList = BD4CC2B624783C0D00EBC0BA /* Build configuration list for PBXNativeTarget "iOS15-SketchDesign-Health-App" */;
			buildPhases = (
				BD4CC29E24783C0A00EBC0BA /* Sources */,
				BD4CC29F24783C0A00EBC0BA /* Frameworks */,
				BD4CC2A024783C0A00EBC0BA /* Resources */,
			);
			buildRules = (
			);
			dependencies = (
			);
			name = "iOS15-SketchDesign-Health-App";
			productName = "iOS15-SketchDesign-Health-App";
			productReference = BD4CC2A224783C0A00EBC0BA /* iOS15-SketchDesign-Health-App.app */;
			productType = "com.apple.product-type.application";
		};
/* End PBXNativeTarget section */

/* Begin PBXProject section */
		BD4CC29A24783C0A00EBC0BA /* Project object */ = {
			isa = PBXProject;
			attributes = {
				LastSwiftUpdateCheck = 1140;
				LastUpgradeCheck = 1140;
				ORGANIZATIONNAME = "Lambda, Inc";
				TargetAttributes = {
					BD4CC2A124783C0A00EBC0BA = {
						CreatedOnToolsVersion = 11.4.1;
					};
				};
			};
			buildConfigurationList = BD4CC29D24783C0A00EBC0BA /* Build configuration list for PBXProject "iOS15-SketchDesign-Health-App" */;
			compatibilityVersion = "Xcode 9.3";
			developmentRegion = en;
			hasScannedForEncodings = 0;
			knownRegions = (
				en,
				Base,
			);
			mainGroup = BD4CC29924783C0A00EBC0BA;
			productRefGroup = BD4CC2A324783C0A00EBC0BA /* Products */;
			projectDirPath = "";
			projectRoot = "";
			targets = (
				BD4CC2A124783C0A00EBC0BA /* iOS15-SketchDesign-Health-App */,
			);
		};
/* End PBXProject section */

/* Begin PBXResourcesBuildPhase section */
		BD4CC2A024783C0A00EBC0BA /* Resources */ = {
			isa = PBXResourcesBuildPhase;
			buildActionMask = 2147483647;
			files = (
				BD4CC2B224783C0D00EBC0BA /* LaunchScreen.storyboard in Resources */,
				BD4CC2AF24783C0D00EBC0BA /* Assets.xcassets in Resources */,
				BD4CC2AD24783C0A00EBC0BA /* Main.storyboard in Resources */,
				BD4CC2BA24783CE500EBC0BA /* DataCell.xib in Resources */,
			);
			runOnlyForDeploymentPostprocessing = 0;
		};
/* End PBXResourcesBuildPhase section */

/* Begin PBXSourcesBuildPhase section */
		BD4CC29E24783C0A00EBC0BA /* Sources */ = {
			isa = PBXSourcesBuildPhase;
			buildActionMask = 2147483647;
			files = (
				BD4CC2AA24783C0A00EBC0BA /* ViewController.swift in Sources */,
				BD4CC2A624783C0A00EBC0BA /* AppDelegate.swift in Sources */,
				BD4CC2A824783C0A00EBC0BA /* SceneDelegate.swift in Sources */,
			);
			runOnlyForDeploymentPostprocessing = 0;
		};
/* End PBXSourcesBuildPhase section */

/* Begin PBXVariantGroup section */
		BD4CC2AB24783C0A00EBC0BA /* Main.storyboard */ = {
			isa = PBXVariantGroup;
			children = (
				BD4CC2AC24783C0A00EBC0BA /* Base */,
			);
			name = Main.storyboard;
			sourceTree = "<group>";
		};
		BD4CC2B024783C0D00EBC0BA /* LaunchScreen.storyboard */ = {
			isa = PBXVariantGroup;
			children = (
				BD4CC2B124783C0D00EBC0BA /* Base */,
			);
			name = LaunchScreen.storyboard;
			sourceTree = "<group>";
		};
/* End PBXVariantGroup section */

/* Begin XCBuildConfiguration section */
		BD4CC2B424783C0D00EBC0BA /* Debug */ = {
			isa = XCBuildConfiguration;
			buildSettings = {
				ALWAYS_SEARCH_USER_PATHS = NO;
				CLANG_ANALYZER_NONNULL = YES;
				CLANG_ANALYZER_NUMBER_OBJECT_CONVERSION = YES_AGGRESSIVE;
				CLANG_CXX_LANGUAGE_STANDARD = "gnu++14";
				CLANG_CXX_LIBRARY = "libc++";
				CLANG_ENABLE_MODULES = YES;
				CLANG_ENABLE_OBJC_ARC = YES;
				CLANG_ENABLE_OBJC_WEAK = YES;
				CLANG_WARN_BLOCK_CAPTURE_AUTORELEASING = YES;
				CLANG_WARN_BOOL_CONVERSION = YES;
				CLANG_WARN_COMMA = YES;
				CLANG_WARN_CONSTANT_CONVERSION = YES;
				CLANG_WARN_DEPRECATED_OBJC_IMPLEMENTATIONS = YES;
				CLANG_WARN_DIRECT_OBJC_ISA_USAGE = YES_ERROR;
				CLANG_WARN_DOCUMENTATION_COMMENTS = YES;
				CLANG_WARN_EMPTY_BODY = YES;
				CLANG_WARN_ENUM_CONVERSION = YES;
				CLANG_WARN_INFINITE_RECURSION = YES;
				CLANG_WARN_INT_CONVERSION = YES;
				CLANG_WARN_NON_LITERAL_NULL_CONVERSION = YES;
				CLANG_WARN_OBJC_IMPLICIT_RETAIN_SELF = YES;
				CLANG_WARN_OBJC_LITERAL_CONVERSION = YES;
				CLANG_WARN_OBJC_ROOT_CLASS = YES_ERROR;
				CLANG_WARN_RANGE_LOOP_ANALYSIS = YES;
				CLANG_WARN_STRICT_PROTOTYPES = YES;
				CLANG_WARN_SUSPICIOUS_MOVE = YES;
				CLANG_WARN_UNGUARDED_AVAILABILITY = YES_AGGRESSIVE;
				CLANG_WARN_UNREACHABLE_CODE = YES;
				CLANG_WARN__DUPLICATE_METHOD_MATCH = YES;
				COPY_PHASE_STRIP = NO;
				DEBUG_INFORMATION_FORMAT = dwarf;
				ENABLE_STRICT_OBJC_MSGSEND = YES;
				ENABLE_TESTABILITY = YES;
				GCC_C_LANGUAGE_STANDARD = gnu11;
				GCC_DYNAMIC_NO_PIC = NO;
				GCC_NO_COMMON_BLOCKS = YES;
				GCC_OPTIMIZATION_LEVEL = 0;
				GCC_PREPROCESSOR_DEFINITIONS = (
					"DEBUG=1",
					"$(inherited)",
				);
				GCC_WARN_64_TO_32_BIT_CONVERSION = YES;
				GCC_WARN_ABOUT_RETURN_TYPE = YES_ERROR;
				GCC_WARN_UNDECLARED_SELECTOR = YES;
				GCC_WARN_UNINITIALIZED_AUTOS = YES_AGGRESSIVE;
				GCC_WARN_UNUSED_FUNCTION = YES;
				GCC_WARN_UNUSED_VARIABLE = YES;
				IPHONEOS_DEPLOYMENT_TARGET = 13.4;
				MTL_ENABLE_DEBUG_INFO = INCLUDE_SOURCE;
				MTL_FAST_MATH = YES;
				ONLY_ACTIVE_ARCH = YES;
				SDKROOT = iphoneos;
				SWIFT_ACTIVE_COMPILATION_CONDITIONS = DEBUG;
				SWIFT_OPTIMIZATION_LEVEL = "-Onone";
			};
			name = Debug;
		};
		BD4CC2B524783C0D00EBC0BA /* Release */ = {
			isa = XCBuildConfiguration;
			buildSettings = {
				ALWAYS_SEARCH_USER_PATHS = NO;
				CLANG_ANALYZER_NONNULL = YES;
				CLANG_ANALYZER_NUMBER_OBJECT_CONVERSION = YES_AGGRESSIVE;
				CLANG_CXX_LANGUAGE_STANDARD = "gnu++14";
				CLANG_CXX_LIBRARY = "libc++";
				CLANG_ENABLE_MODULES = YES;
				CLANG_ENABLE_OBJC_ARC = YES;
				CLANG_ENABLE_OBJC_WEAK = YES;
				CLANG_WARN_BLOCK_CAPTURE_AUTORELEASING = YES;
				CLANG_WARN_BOOL_CONVERSION = YES;
				CLANG_WARN_COMMA = YES;
				CLANG_WARN_CONSTANT_CONVERSION = YES;
				CLANG_WARN_DEPRECATED_OBJC_IMPLEMENTATIONS = YES;
				CLANG_WARN_DIRECT_OBJC_ISA_USAGE = YES_ERROR;
				CLANG_WARN_DOCUMENTATION_COMMENTS = YES;
				CLANG_WARN_EMPTY_BODY = YES;
				CLANG_WARN_ENUM_CONVERSION = YES;
				CLANG_WARN_INFINITE_RECURSION = YES;
				CLANG_WARN_INT_CONVERSION = YES;
				CLANG_WARN_NON_LITERAL_NULL_CONVERSION = YES;
				CLANG_WARN_OBJC_IMPLICIT_RETAIN_SELF = YES;
				CLANG_WARN_OBJC_LITERAL_CONVERSION = YES;
				CLANG_WARN_OBJC_ROOT_CLASS = YES_ERROR;
				CLANG_WARN_RANGE_LOOP_ANALYSIS = YES;
				CLANG_WARN_STRICT_PROTOTYPES = YES;
				CLANG_WARN_SUSPICIOUS_MOVE = YES;
				CLANG_WARN_UNGUARDED_AVAILABILITY = YES_AGGRESSIVE;
				CLANG_WARN_UNREACHABLE_CODE = YES;
				CLANG_WARN__DUPLICATE_METHOD_MATCH = YES;
				COPY_PHASE_STRIP = NO;
				DEBUG_INFORMATION_FORMAT = "dwarf-with-dsym";
				ENABLE_NS_ASSERTIONS = NO;
				ENABLE_STRICT_OBJC_MSGSEND = YES;
				GCC_C_LANGUAGE_STANDARD = gnu11;
				GCC_NO_COMMON_BLOCKS = YES;
				GCC_WARN_64_TO_32_BIT_CONVERSION = YES;
				GCC_WARN_ABOUT_RETURN_TYPE = YES_ERROR;
				GCC_WARN_UNDECLARED_SELECTOR = YES;
				GCC_WARN_UNINITIALIZED_AUTOS = YES_AGGRESSIVE;
				GCC_WARN_UNUSED_FUNCTION = YES;
				GCC_WARN_UNUSED_VARIABLE = YES;
				IPHONEOS_DEPLOYMENT_TARGET = 13.4;
				MTL_ENABLE_DEBUG_INFO = NO;
				MTL_FAST_MATH = YES;
				SDKROOT = iphoneos;
				SWIFT_COMPILATION_MODE = wholemodule;
				SWIFT_OPTIMIZATION_LEVEL = "-O";
				VALIDATE_PRODUCT = YES;
			};
			name = Release;
		};
		BD4CC2B724783C0D00EBC0BA /* Debug */ = {
			isa = XCBuildConfiguration;
			buildSettings = {
				ASSETCATALOG_COMPILER_APPICON_NAME = AppIcon;
				CODE_SIGN_STYLE = Automatic;
				INFOPLIST_FILE = "iOS15-SketchDesign-Health-App/Info.plist";
				LD_RUNPATH_SEARCH_PATHS = (
					"$(inherited)",
					"@executable_path/Frameworks",
				);
				PRODUCT_BUNDLE_IDENTIFIER = "com.lambdaschool.iOS15-SketchDesign-Health-App";
				PRODUCT_NAME = "$(TARGET_NAME)";
				SWIFT_VERSION = 5.0;
				TARGETED_DEVICE_FAMILY = "1,2";
			};
			name = Debug;
		};
		BD4CC2B824783C0D00EBC0BA /* Release */ = {
			isa = XCBuildConfiguration;
			buildSettings = {
				ASSETCATALOG_COMPILER_APPICON_NAME = AppIcon;
				CODE_SIGN_STYLE = Automatic;
				INFOPLIST_FILE = "iOS15-SketchDesign-Health-App/Info.plist";
				LD_RUNPATH_SEARCH_PATHS = (
					"$(inherited)",
					"@executable_path/Frameworks",
				);
				PRODUCT_BUNDLE_IDENTIFIER = "com.lambdaschool.iOS15-SketchDesign-Health-App";
				PRODUCT_NAME = "$(TARGET_NAME)";
				SWIFT_VERSION = 5.0;
				TARGETED_DEVICE_FAMILY = "1,2";
			};
			name = Release;
		};
/* End XCBuildConfiguration section */

/* Begin XCConfigurationList section */
		BD4CC29D24783C0A00EBC0BA /* Build configuration list for PBXProject "iOS15-SketchDesign-Health-App" */ = {
			isa = XCConfigurationList;
			buildConfigurations = (
				BD4CC2B424783C0D00EBC0BA /* Debug */,
				BD4CC2B524783C0D00EBC0BA /* Release */,
			);
			defaultConfigurationIsVisible = 0;
			defaultConfigurationName = Release;
		};
		BD4CC2B624783C0D00EBC0BA /* Build configuration list for PBXNativeTarget "iOS15-SketchDesign-Health-App" */ = {
			isa = XCConfigurationList;
			buildConfigurations = (
				BD4CC2B724783C0D00EBC0BA /* Debug */,
				BD4CC2B824783C0D00EBC0BA /* Release */,
			);
			defaultConfigurationIsVisible = 0;
			defaultConfigurationName = Release;
		};
/* End XCConfigurationList section */
	};
	rootObject = BD4CC29A24783C0A00EBC0BA /* Project object */;
}
